# This file is generated by running "yarn install" inside your project.
# Manual changes might be lost - proceed with caution!

__metadata:
  version: 8
  cacheKey: 10c0

"@types/pegjs@npm:^0.10.0":
  version: 0.10.6
  resolution: "@types/pegjs@npm:0.10.6"
  checksum: 10c0/ee4a31cf07679ae5422fec95e499ad059483a9ab2815af1ada0ee858a00af6c7e6579a8e172810c1c9db04005941bef96d0dd2c28648769211f57df330f9c30f
  languageName: node
  linkType: hard

"big-integer@npm:^1.6.48":
  version: 1.6.52
  resolution: "big-integer@npm:1.6.52"
  checksum: 10c0/9604224b4c2ab3c43c075d92da15863077a9f59e5d4205f4e7e76acd0cd47e8d469ec5e5dba8d9b32aa233951893b29329ca56ac80c20ce094b4a647a66abae0
  languageName: node
  linkType: hard

"node-sql-parser@npm:^5.3.5":
  version: 5.3.5
  resolution: "node-sql-parser@npm:5.3.5"
  dependencies:
    "@types/pegjs": "npm:^0.10.0"
    big-integer: "npm:^1.6.48"
  checksum: 10c0/221c0e5d582adf9e87a4357cc437f6f66e925eaefa889f05b8e93375274b0246edbca11a673e7d44a29888ca0ec6005b5614ac08361b0e9171d11c66ce17e91a
  languageName: node
  linkType: hard

"root-workspace-0b6124@workspace:.":
  version: 0.0.0-use.local
  resolution: "root-workspace-0b6124@workspace:."
  dependencies:
    node-sql-parser: "npm:^5.3.5"
  languageName: unknown
  linkType: soft
